
Microsoft Visual Studio Solution File, Format Version 12.00
# Visual Studio Version 16
VisualStudioVersion = 16.0.33927.289
MinimumVisualStudioVersion = 10.0.40219.1
Project("{2150E333-8FDC-42A3-9474-1A3956D46DE8}") = "Task0", "Task0", "{6C769935-8600-46A7-B078-99496FEEA297}"
EndProject
Project("{FAE04EC0-301F-11D3-BF4B-00C04F79EFBC}") = "Tyuiu.DevjatkovaAA.Sprint0.Task0.V0", "Tyuiu.DevjatkovaAA.Sprint0.Task0.V0\Tyuiu.DevjatkovaAA.Sprint0.Task0.V0.csproj", "{A7D6D915-C368-4865-9888-6088D63F43E2}"
EndProject
Project("{2150E333-8FDC-42A3-9474-1A3956D46DE8}") = "Task1", "Task1", "{51A4A5ED-0A40-4196-B7B4-EC7E211C9054}"
EndProject
Project("{FAE04EC0-301F-11D3-BF4B-00C04F79EFBC}") = "Tyuiu.DevjatkovaAA.Sprint0.Task1.V0", "Tyuiu.DevjatkovaAA.Sprint0.Task1.V0\Tyuiu.DevjatkovaAA.Sprint0.Task1.V0.csproj", "{02F2D369-F86B-4DD2-BECF-6E3D866DBEC9}"
EndProject
Project("{2150E333-8FDC-42A3-9474-1A3956D46DE8}") = "Task2", "Task2", "{55B99F5F-CB63-442F-B4B1-673D9C5C2129}"
EndProject
Project("{FAE04EC0-301F-11D3-BF4B-00C04F79EFBC}") = "Tyuiu.DevjatkovaAA.Sprint0.Task2.V0", "Tyuiu.DevjatkovaAA.Sprint0.Task2.V0\Tyuiu.DevjatkovaAA.Sprint0.Task2.V0.csproj", "{41BAD3DA-C05F-4BA3-9367-86382A66A81F}"
EndProject
Project("{FAE04EC0-301F-11D3-BF4B-00C04F79EFBC}") = "Tyuiu.DevjatkovaAA.Sprint0.Task2.V0.Lib", "Tyuiu.DevjatkovaAA.Sprint0.Task2.V0.Lib\Tyuiu.DevjatkovaAA.Sprint0.Task2.V0.Lib.csproj", "{8FF5A50B-F74A-4577-91EA-61311D229669}"
EndProject
Project("{FAE04EC0-301F-11D3-BF4B-00C04F79EFBC}") = "Tyuiu.DevjatkovaAA.Sprint0.Task2.V0.Test", "Tyuiu.DevjatkovaAA.Sprint0.Task2.V0.Test\Tyuiu.DevjatkovaAA.Sprint0.Task2.V0.Test.csproj", "{7E48720F-76C7-4746-AE2F-D9B0497EBC52}"
EndProject
Project("{2150E333-8FDC-42A3-9474-1A3956D46DE8}") = "Task3", "Task3", "{BA7BC9B6-747C-4FCE-8D1A-ECFCC7242F1D}"
EndProject
Project("{FAE04EC0-301F-11D3-BF4B-00C04F79EFBC}") = "Tyuiu.DevjatkovaAA.Sprint0.Task3.V0", "Tyuiu.DevjatkovaAA.Sprint0.Task3.V0\Tyuiu.DevjatkovaAA.Sprint0.Task3.V0.csproj", "{463F70EB-0FC9-456F-999C-4AD260B663A6}"
EndProject
Project("{FAE04EC0-301F-11D3-BF4B-00C04F79EFBC}") = "Tyuiu.DevjatkovaAA.Sprint0.Task3.V0.Lib", "Tyuiu.DevjatkovaAA.Sprint0.Task3.V0.Lib\Tyuiu.DevjatkovaAA.Sprint0.Task3.V0.Lib.csproj", "{02E7D61E-A5B9-4C3F-8AB3-0741F422F9F4}"
EndProject
Project("{FAE04EC0-301F-11D3-BF4B-00C04F79EFBC}") = "Tyuiu.DevjatkovaAA.Sprint0.Task3.V0.Test", "Tyuiu.DevjatkovaAA.Sprint0.Task3.V0.Test\Tyuiu.DevjatkovaAA.Sprint0.Task3.V0.Test.csproj", "{370FA0B4-4BA9-4FA1-86C9-680DE36F5B19}"
EndProject
Project("{2150E333-8FDC-42A3-9474-1A3956D46DE8}") = "Task4", "Task4", "{CDDB5A20-C9B9-4146-A825-8464B92B0805}"
EndProject
Project("{FAE04EC0-301F-11D3-BF4B-00C04F79EFBC}") = "Tyuiu.DevjatkovaAA.Sprint0.Task4.V0", "Tyuiu.DevjatkovaAA.Sprint0.Task4.V0\Tyuiu.DevjatkovaAA.Sprint0.Task4.V0.csproj", "{B47AA7A7-CA74-4D34-8AE9-B87E35E0C508}"
EndProject
Project("{FAE04EC0-301F-11D3-BF4B-00C04F79EFBC}") = "Tyuiu.DevjatkovaAA.Sprint0.Task4.V0.Lib", "Tyuiu.DevjatkovaAA.Sprint0.Task4.V0.Lib\Tyuiu.DevjatkovaAA.Sprint0.Task4.V0.Lib.csproj", "{0394C5AC-6F43-4BE9-9AE6-78D310FC65F0}"
EndProject
Project("{FAE04EC0-301F-11D3-BF4B-00C04F79EFBC}") = "Tyuiu.DevjatkovaAA.Sprint0.Task4.V0.Test", "Tyuiu.DevjatkovaAA.Sprint0.Task4.V0.Test\Tyuiu.DevjatkovaAA.Sprint0.Task4.V0.Test.csproj", "{10EBB6A5-FF2D-467C-88DF-8A096BC04D43}"
EndProject
Project("{2150E333-8FDC-42A3-9474-1A3956D46DE8}") = "Task5", "Task5", "{B859D150-5775-48D3-B1AA-C6589918FB10}"
EndProject
Project("{FAE04EC0-301F-11D3-BF4B-00C04F79EFBC}") = "Tyuiu.DevjatkovaAA.Sprint0.Task5.V0", "Tyuiu.DevjatkovaAA.Sprint0.Task5.V0\Tyuiu.DevjatkovaAA.Sprint0.Task5.V0.csproj", "{EABC05F3-B265-4EC1-B087-CEEDF38A2AFF}"
EndProject
Project("{FAE04EC0-301F-11D3-BF4B-00C04F79EFBC}") = "Tyuiu.DevjatkovaAA.Sprint0.Task5.V0.Lib", "Tyuiu.DevjatkovaAA.Sprint0.Task5.V0.Lib\Tyuiu.DevjatkovaAA.Sprint0.Task5.V0.Lib.csproj", "{EA07BBBC-BE6C-406C-A9D8-F0C3D21C6B61}"
EndProject
Project("{FAE04EC0-301F-11D3-BF4B-00C04F79EFBC}") = "Tyuiu.DevjatkovaAA.Sprint0.Task5.V0.Test", "Tyuiu.DevjatkovaAA.Sprint0.Task5.V0.Test\Tyuiu.DevjatkovaAA.Sprint0.Task5.V0.Test.csproj", "{660A13CC-123A-4959-9774-0D635934F43C}"
EndProject
Project("{2150E333-8FDC-42A3-9474-1A3956D46DE8}") = "Task6", "Task6", "{E6012786-C587-4657-8438-04B6CF65ABC1}"
EndProject
Project("{FAE04EC0-301F-11D3-BF4B-00C04F79EFBC}") = "Tyuiu.DevjatkovaAA.Sprint0.Task6.V0", "Tyuiu.DevjatkovaAA.Sprint0.Task6.V0\Tyuiu.DevjatkovaAA.Sprint0.Task6.V0.csproj", "{336D6D58-3E73-4955-8838-A2D7DF187EB2}"
EndProject
Project("{FAE04EC0-301F-11D3-BF4B-00C04F79EFBC}") = "Tyuiu.DevjatkovaAA.Sprint0.Task6.V0.Lib", "Tyuiu.DevjatkovaAA.Sprint0.Task6.V0.Lib\Tyuiu.DevjatkovaAA.Sprint0.Task6.V0.Lib.csproj", "{0D4D3C14-54DD-4482-ADB7-52492E0D203A}"
EndProject
Project("{FAE04EC0-301F-11D3-BF4B-00C04F79EFBC}") = "Tyuiu.DevjatkovaAA.Sprint0.Task6.V0.Test", "Tyuiu.DevjatkovaAA.Sprint0.Task6.V0.Test\Tyuiu.DevjatkovaAA.Sprint0.Task6.V0.Test.csproj", "{0A0618B4-FE46-49E8-AF2D-EFC6AFB20C7E}"
EndProject
Project("{2150E333-8FDC-42A3-9474-1A3956D46DE8}") = "Task7", "Task7", "{DD9980C9-5C0B-49D6-8372-99F2744A8E2E}"
EndProject
Project("{FAE04EC0-301F-11D3-BF4B-00C04F79EFBC}") = "Tyuiu.DevjatkovaAA.Sprint0.Task7.V0", "Tyuiu.DevjatkovaAA.Sprint0.Task7.V0\Tyuiu.DevjatkovaAA.Sprint0.Task7.V0.csproj", "{5D0F7191-7E0E-4CA5-8483-1716B551F825}"
EndProject
Project("{FAE04EC0-301F-11D3-BF4B-00C04F79EFBC}") = "Tyuiu.DevjatkovaAA.Sprint0.Task7.V0.Lib", "Tyuiu.DevjatkovaAA.Sprint0.Task7.V0.Lib\Tyuiu.DevjatkovaAA.Sprint0.Task7.V0.Lib.csproj", "{AD8AC8F8-A4DC-412C-88E3-68A4C1058385}"
EndProject
Project("{FAE04EC0-301F-11D3-BF4B-00C04F79EFBC}") = "Tyuiu.DevjatkovaAA.Sprint0.Task7.V0.Test", "Tyuiu.DevjatkovaAA.Sprint0.Task7.V0.Test\Tyuiu.DevjatkovaAA.Sprint0.Task7.V0.Test.csproj", "{B5DED293-4BF5-4FE0-AE7A-18ADB9EE49EC}"
EndProject
Global
	GlobalSection(SolutionConfigurationPlatforms) = preSolution
		Debug|Any CPU = Debug|Any CPU
		Release|Any CPU = Release|Any CPU
	EndGlobalSection
	GlobalSection(ProjectConfigurationPlatforms) = postSolution
		{A7D6D915-C368-4865-9888-6088D63F43E2}.Debug|Any CPU.ActiveCfg = Debug|Any CPU
		{A7D6D915-C368-4865-9888-6088D63F43E2}.Debug|Any CPU.Build.0 = Debug|Any CPU
		{A7D6D915-C368-4865-9888-6088D63F43E2}.Release|Any CPU.ActiveCfg = Release|Any CPU
		{A7D6D915-C368-4865-9888-6088D63F43E2}.Release|Any CPU.Build.0 = Release|Any CPU
		{02F2D369-F86B-4DD2-BECF-6E3D866DBEC9}.Debug|Any CPU.ActiveCfg = Debug|Any CPU
		{02F2D369-F86B-4DD2-BECF-6E3D866DBEC9}.Debug|Any CPU.Build.0 = Debug|Any CPU
		{02F2D369-F86B-4DD2-BECF-6E3D866DBEC9}.Release|Any CPU.ActiveCfg = Release|Any CPU
		{02F2D369-F86B-4DD2-BECF-6E3D866DBEC9}.Release|Any CPU.Build.0 = Release|Any CPU
		{41BAD3DA-C05F-4BA3-9367-86382A66A81F}.Debug|Any CPU.ActiveCfg = Debug|Any CPU
		{41BAD3DA-C05F-4BA3-9367-86382A66A81F}.Debug|Any CPU.Build.0 = Debug|Any CPU
		{41BAD3DA-C05F-4BA3-9367-86382A66A81F}.Release|Any CPU.ActiveCfg = Release|Any CPU
		{41BAD3DA-C05F-4BA3-9367-86382A66A81F}.Release|Any CPU.Build.0 = Release|Any CPU
		{8FF5A50B-F74A-4577-91EA-61311D229669}.Debug|Any CPU.ActiveCfg = Debug|Any CPU
		{8FF5A50B-F74A-4577-91EA-61311D229669}.Debug|Any CPU.Build.0 = Debug|Any CPU
		{8FF5A50B-F74A-4577-91EA-61311D229669}.Release|Any CPU.ActiveCfg = Release|Any CPU
		{8FF5A50B-F74A-4577-91EA-61311D229669}.Release|Any CPU.Build.0 = Release|Any CPU
		{7E48720F-76C7-4746-AE2F-D9B0497EBC52}.Debug|Any CPU.ActiveCfg = Debug|Any CPU
		{7E48720F-76C7-4746-AE2F-D9B0497EBC52}.Debug|Any CPU.Build.0 = Debug|Any CPU
		{7E48720F-76C7-4746-AE2F-D9B0497EBC52}.Release|Any CPU.ActiveCfg = Release|Any CPU
		{7E48720F-76C7-4746-AE2F-D9B0497EBC52}.Release|Any CPU.Build.0 = Release|Any CPU
		{463F70EB-0FC9-456F-999C-4AD260B663A6}.Debug|Any CPU.ActiveCfg = Debug|Any CPU
		{463F70EB-0FC9-456F-999C-4AD260B663A6}.Debug|Any CPU.Build.0 = Debug|Any CPU
		{463F70EB-0FC9-456F-999C-4AD260B663A6}.Release|Any CPU.ActiveCfg = Release|Any CPU
		{463F70EB-0FC9-456F-999C-4AD260B663A6}.Release|Any CPU.Build.0 = Release|Any CPU
		{02E7D61E-A5B9-4C3F-8AB3-0741F422F9F4}.Debug|Any CPU.ActiveCfg = Debug|Any CPU
		{02E7D61E-A5B9-4C3F-8AB3-0741F422F9F4}.Debug|Any CPU.Build.0 = Debug|Any CPU
		{02E7D61E-A5B9-4C3F-8AB3-0741F422F9F4}.Release|Any CPU.ActiveCfg = Release|Any CPU
		{02E7D61E-A5B9-4C3F-8AB3-0741F422F9F4}.Release|Any CPU.Build.0 = Release|Any CPU
		{370FA0B4-4BA9-4FA1-86C9-680DE36F5B19}.Debug|Any CPU.ActiveCfg = Debug|Any CPU
		{370FA0B4-4BA9-4FA1-86C9-680DE36F5B19}.Debug|Any CPU.Build.0 = Debug|Any CPU
		{370FA0B4-4BA9-4FA1-86C9-680DE36F5B19}.Release|Any CPU.ActiveCfg = Release|Any CPU
		{370FA0B4-4BA9-4FA1-86C9-680DE36F5B19}.Release|Any CPU.Build.0 = Release|Any CPU
		{B47AA7A7-CA74-4D34-8AE9-B87E35E0C508}.Debug|Any CPU.ActiveCfg = Debug|Any CPU
		{B47AA7A7-CA74-4D34-8AE9-B87E35E0C508}.Debug|Any CPU.Build.0 = Debug|Any CPU
		{B47AA7A7-CA74-4D34-8AE9-B87E35E0C508}.Release|Any CPU.ActiveCfg = Release|Any CPU
		{B47AA7A7-CA74-4D34-8AE9-B87E35E0C508}.Release|Any CPU.Build.0 = Release|Any CPU
		{0394C5AC-6F43-4BE9-9AE6-78D310FC65F0}.Debug|Any CPU.ActiveCfg = Debug|Any CPU
		{0394C5AC-6F43-4BE9-9AE6-78D310FC65F0}.Debug|Any CPU.Build.0 = Debug|Any CPU
		{0394C5AC-6F43-4BE9-9AE6-78D310FC65F0}.Release|Any CPU.ActiveCfg = Release|Any CPU
		{0394C5AC-6F43-4BE9-9AE6-78D310FC65F0}.Release|Any CPU.Build.0 = Release|Any CPU
		{10EBB6A5-FF2D-467C-88DF-8A096BC04D43}.Debug|Any CPU.ActiveCfg = Debug|Any CPU
		{10EBB6A5-FF2D-467C-88DF-8A096BC04D43}.Debug|Any CPU.Build.0 = Debug|Any CPU
		{10EBB6A5-FF2D-467C-88DF-8A096BC04D43}.Release|Any CPU.ActiveCfg = Release|Any CPU
		{10EBB6A5-FF2D-467C-88DF-8A096BC04D43}.Release|Any CPU.Build.0 = Release|Any CPU
		{EABC05F3-B265-4EC1-B087-CEEDF38A2AFF}.Debug|Any CPU.ActiveCfg = Debug|Any CPU
		{EABC05F3-B265-4EC1-B087-CEEDF38A2AFF}.Debug|Any CPU.Build.0 = Debug|Any CPU
		{EABC05F3-B265-4EC1-B087-CEEDF38A2AFF}.Release|Any CPU.ActiveCfg = Release|Any CPU
		{EABC05F3-B265-4EC1-B087-CEEDF38A2AFF}.Release|Any CPU.Build.0 = Release|Any CPU
		{EA07BBBC-BE6C-406C-A9D8-F0C3D21C6B61}.Debug|Any CPU.ActiveCfg = Debug|Any CPU
		{EA07BBBC-BE6C-406C-A9D8-F0C3D21C6B61}.Debug|Any CPU.Build.0 = Debug|Any CPU
		{EA07BBBC-BE6C-406C-A9D8-F0C3D21C6B61}.Release|Any CPU.ActiveCfg = Release|Any CPU
		{EA07BBBC-BE6C-406C-A9D8-F0C3D21C6B61}.Release|Any CPU.Build.0 = Release|Any CPU
		{660A13CC-123A-4959-9774-0D635934F43C}.Debug|Any CPU.ActiveCfg = Debug|Any CPU
		{660A13CC-123A-4959-9774-0D635934F43C}.Debug|Any CPU.Build.0 = Debug|Any CPU
		{660A13CC-123A-4959-9774-0D635934F43C}.Release|Any CPU.ActiveCfg = Release|Any CPU
		{660A13CC-123A-4959-9774-0D635934F43C}.Release|Any CPU.Build.0 = Release|Any CPU
		{336D6D58-3E73-4955-8838-A2D7DF187EB2}.Debug|Any CPU.ActiveCfg = Debug|Any CPU
		{336D6D58-3E73-4955-8838-A2D7DF187EB2}.Debug|Any CPU.Build.0 = Debug|Any CPU
		{336D6D58-3E73-4955-8838-A2D7DF187EB2}.Release|Any CPU.ActiveCfg = Release|Any CPU
		{336D6D58-3E73-4955-8838-A2D7DF187EB2}.Release|Any CPU.Build.0 = Release|Any CPU
		{0D4D3C14-54DD-4482-ADB7-52492E0D203A}.Debug|Any CPU.ActiveCfg = Debug|Any CPU
		{0D4D3C14-54DD-4482-ADB7-52492E0D203A}.Debug|Any CPU.Build.0 = Debug|Any CPU
		{0D4D3C14-54DD-4482-ADB7-52492E0D203A}.Release|Any CPU.ActiveCfg = Release|Any CPU
		{0D4D3C14-54DD-4482-ADB7-52492E0D203A}.Release|Any CPU.Build.0 = Release|Any CPU
		{0A0618B4-FE46-49E8-AF2D-EFC6AFB20C7E}.Debug|Any CPU.ActiveCfg = Debug|Any CPU
		{0A0618B4-FE46-49E8-AF2D-EFC6AFB20C7E}.Debug|Any CPU.Build.0 = Debug|Any CPU
		{0A0618B4-FE46-49E8-AF2D-EFC6AFB20C7E}.Release|Any CPU.ActiveCfg = Release|Any CPU
		{0A0618B4-FE46-49E8-AF2D-EFC6AFB20C7E}.Release|Any CPU.Build.0 = Release|Any CPU
		{5D0F7191-7E0E-4CA5-8483-1716B551F825}.Debug|Any CPU.ActiveCfg = Debug|Any CPU
		{5D0F7191-7E0E-4CA5-8483-1716B551F825}.Debug|Any CPU.Build.0 = Debug|Any CPU
		{5D0F7191-7E0E-4CA5-8483-1716B551F825}.Release|Any CPU.ActiveCfg = Release|Any CPU
		{5D0F7191-7E0E-4CA5-8483-1716B551F825}.Release|Any CPU.Build.0 = Release|Any CPU
		{AD8AC8F8-A4DC-412C-88E3-68A4C1058385}.Debug|Any CPU.ActiveCfg = Debug|Any CPU
		{AD8AC8F8-A4DC-412C-88E3-68A4C1058385}.Debug|Any CPU.Build.0 = Debug|Any CPU
		{AD8AC8F8-A4DC-412C-88E3-68A4C1058385}.Release|Any CPU.ActiveCfg = Release|Any CPU
		{AD8AC8F8-A4DC-412C-88E3-68A4C1058385}.Release|Any CPU.Build.0 = Release|Any CPU
		{B5DED293-4BF5-4FE0-AE7A-18ADB9EE49EC}.Debug|Any CPU.ActiveCfg = Debug|Any CPU
		{B5DED293-4BF5-4FE0-AE7A-18ADB9EE49EC}.Debug|Any CPU.Build.0 = Debug|Any CPU
		{B5DED293-4BF5-4FE0-AE7A-18ADB9EE49EC}.Release|Any CPU.ActiveCfg = Release|Any CPU
		{B5DED293-4BF5-4FE0-AE7A-18ADB9EE49EC}.Release|Any CPU.Build.0 = Release|Any CPU
	EndGlobalSection
	GlobalSection(SolutionProperties) = preSolution
		HideSolutionNode = FALSE
	EndGlobalSection
	GlobalSection(NestedProjects) = preSolution
		{A7D6D915-C368-4865-9888-6088D63F43E2} = {6C769935-8600-46A7-B078-99496FEEA297}
		{02F2D369-F86B-4DD2-BECF-6E3D866DBEC9} = {51A4A5ED-0A40-4196-B7B4-EC7E211C9054}
		{41BAD3DA-C05F-4BA3-9367-86382A66A81F} = {55B99F5F-CB63-442F-B4B1-673D9C5C2129}
		{8FF5A50B-F74A-4577-91EA-61311D229669} = {55B99F5F-CB63-442F-B4B1-673D9C5C2129}
		{7E48720F-76C7-4746-AE2F-D9B0497EBC52} = {55B99F5F-CB63-442F-B4B1-673D9C5C2129}
		{463F70EB-0FC9-456F-999C-4AD260B663A6} = {BA7BC9B6-747C-4FCE-8D1A-ECFCC7242F1D}
		{02E7D61E-A5B9-4C3F-8AB3-0741F422F9F4} = {BA7BC9B6-747C-4FCE-8D1A-ECFCC7242F1D}
		{370FA0B4-4BA9-4FA1-86C9-680DE36F5B19} = {BA7BC9B6-747C-4FCE-8D1A-ECFCC7242F1D}
		{B47AA7A7-CA74-4D34-8AE9-B87E35E0C508} = {CDDB5A20-C9B9-4146-A825-8464B92B0805}
		{0394C5AC-6F43-4BE9-9AE6-78D310FC65F0} = {CDDB5A20-C9B9-4146-A825-8464B92B0805}
		{10EBB6A5-FF2D-467C-88DF-8A096BC04D43} = {CDDB5A20-C9B9-4146-A825-8464B92B0805}
		{EABC05F3-B265-4EC1-B087-CEEDF38A2AFF} = {B859D150-5775-48D3-B1AA-C6589918FB10}
		{EA07BBBC-BE6C-406C-A9D8-F0C3D21C6B61} = {B859D150-5775-48D3-B1AA-C6589918FB10}
		{660A13CC-123A-4959-9774-0D635934F43C} = {B859D150-5775-48D3-B1AA-C6589918FB10}
		{336D6D58-3E73-4955-8838-A2D7DF187EB2} = {E6012786-C587-4657-8438-04B6CF65ABC1}
		{0D4D3C14-54DD-4482-ADB7-52492E0D203A} = {E6012786-C587-4657-8438-04B6CF65ABC1}
		{0A0618B4-FE46-49E8-AF2D-EFC6AFB20C7E} = {E6012786-C587-4657-8438-04B6CF65ABC1}
		{5D0F7191-7E0E-4CA5-8483-1716B551F825} = {DD9980C9-5C0B-49D6-8372-99F2744A8E2E}
		{AD8AC8F8-A4DC-412C-88E3-68A4C1058385} = {DD9980C9-5C0B-49D6-8372-99F2744A8E2E}
		{B5DED293-4BF5-4FE0-AE7A-18ADB9EE49EC} = {DD9980C9-5C0B-49D6-8372-99F2744A8E2E}
	EndGlobalSection
	GlobalSection(ExtensibilityGlobals) = postSolution
		SolutionGuid = {21616125-CF6D-4C48-90AD-3B382FA6DEB4}
	EndGlobalSection
EndGlobal
